
Microsoft Visual Studio Solution File, Format Version 12.00
# Visual Studio Version 17
VisualStudioVersion = 17.9.34728.123
MinimumVisualStudioVersion = 10.0.40219.1
Project("{FAE04EC0-301F-11D3-BF4B-00C04F79EFBC}") = "TaskThree", "TaskThree\TaskThree.csproj", "{4CF30E9F-9FF4-4DAC-9E24-E2CBCC5A21F2}"
EndProject
Global
	GlobalSection(SolutionConfigurationPlatforms) = preSolution
		Debug|Any CPU = Debug|Any CPU
		Release|Any CPU = Release|Any CPU
	EndGlobalSection
	GlobalSection(ProjectConfigurationPlatforms) = postSolution
		{4CF30E9F-9FF4-4DAC-9E24-E2CBCC5A21F2}.Debug|Any CPU.ActiveCfg = Debug|Any CPU
		{4CF30E9F-9FF4-4DAC-9E24-E2CBCC5A21F2}.Debug|Any CPU.Build.0 = Debug|Any CPU
		{4CF30E9F-9FF4-4DAC-9E24-E2CBCC5A21F2}.Release|Any CPU.ActiveCfg = Release|Any CPU
		{4CF30E9F-9FF4-4DAC-9E24-E2CBCC5A21F2}.Release|Any CPU.Build.0 = Release|Any CPU
	EndGlobalSection
	GlobalSection(SolutionProperties) = preSolution
		HideSolutionNode = FALSE
	EndGlobalSection
	GlobalSection(ExtensibilityGlobals) = postSolution
		SolutionGuid = {FB34E254-E3C3-4104-BE73-43F5C53C738A}
	EndGlobalSection
EndGlobal
