
Microsoft Visual Studio Solution File, Format Version 12.00
# Visual Studio Version 17
VisualStudioVersion = 17.9.34728.123
MinimumVisualStudioVersion = 10.0.40219.1
Project("{FAE04EC0-301F-11D3-BF4B-00C04F79EFBC}") = "Task10", "Task10\Task10.csproj", "{6EE5816F-AE47-40E2-BA5D-0F32C046B6EC}"
EndProject
Global
	GlobalSection(SolutionConfigurationPlatforms) = preSolution
		Debug|Any CPU = Debug|Any CPU
		Release|Any CPU = Release|Any CPU
	EndGlobalSection
	GlobalSection(ProjectConfigurationPlatforms) = postSolution
		{6EE5816F-AE47-40E2-BA5D-0F32C046B6EC}.Debug|Any CPU.ActiveCfg = Debug|Any CPU
		{6EE5816F-AE47-40E2-BA5D-0F32C046B6EC}.Debug|Any CPU.Build.0 = Debug|Any CPU
		{6EE5816F-AE47-40E2-BA5D-0F32C046B6EC}.Release|Any CPU.ActiveCfg = Release|Any CPU
		{6EE5816F-AE47-40E2-BA5D-0F32C046B6EC}.Release|Any CPU.Build.0 = Release|Any CPU
	EndGlobalSection
	GlobalSection(SolutionProperties) = preSolution
		HideSolutionNode = FALSE
	EndGlobalSection
	GlobalSection(ExtensibilityGlobals) = postSolution
		SolutionGuid = {9920A2D3-676C-4186-A379-04273A41833E}
	EndGlobalSection
EndGlobal
