
Microsoft Visual Studio Solution File, Format Version 12.00
# Visual Studio Version 17
VisualStudioVersion = 17.9.34728.123
MinimumVisualStudioVersion = 10.0.40219.1
Project("{FAE04EC0-301F-11D3-BF4B-00C04F79EFBC}") = "Task12", "Task12\Task12.csproj", "{09A4A136-B66D-4390-9C11-BFA8E0050978}"
EndProject
Global
	GlobalSection(SolutionConfigurationPlatforms) = preSolution
		Debug|Any CPU = Debug|Any CPU
		Release|Any CPU = Release|Any CPU
	EndGlobalSection
	GlobalSection(ProjectConfigurationPlatforms) = postSolution
		{09A4A136-B66D-4390-9C11-BFA8E0050978}.Debug|Any CPU.ActiveCfg = Debug|Any CPU
		{09A4A136-B66D-4390-9C11-BFA8E0050978}.Debug|Any CPU.Build.0 = Debug|Any CPU
		{09A4A136-B66D-4390-9C11-BFA8E0050978}.Release|Any CPU.ActiveCfg = Release|Any CPU
		{09A4A136-B66D-4390-9C11-BFA8E0050978}.Release|Any CPU.Build.0 = Release|Any CPU
	EndGlobalSection
	GlobalSection(SolutionProperties) = preSolution
		HideSolutionNode = FALSE
	EndGlobalSection
	GlobalSection(ExtensibilityGlobals) = postSolution
		SolutionGuid = {19DDD4BA-88B0-4339-B732-645DAEF6E7F9}
	EndGlobalSection
EndGlobal
