
Microsoft Visual Studio Solution File, Format Version 12.00
# Visual Studio Version 17
VisualStudioVersion = 17.9.34728.123
MinimumVisualStudioVersion = 10.0.40219.1
Project("{FAE04EC0-301F-11D3-BF4B-00C04F79EFBC}") = "Task8", "Task8\Task8.csproj", "{A0D7619A-BBCC-4CD4-A62A-D482757E93EF}"
EndProject
Global
	GlobalSection(SolutionConfigurationPlatforms) = preSolution
		Debug|Any CPU = Debug|Any CPU
		Release|Any CPU = Release|Any CPU
	EndGlobalSection
	GlobalSection(ProjectConfigurationPlatforms) = postSolution
		{A0D7619A-BBCC-4CD4-A62A-D482757E93EF}.Debug|Any CPU.ActiveCfg = Debug|Any CPU
		{A0D7619A-BBCC-4CD4-A62A-D482757E93EF}.Debug|Any CPU.Build.0 = Debug|Any CPU
		{A0D7619A-BBCC-4CD4-A62A-D482757E93EF}.Release|Any CPU.ActiveCfg = Release|Any CPU
		{A0D7619A-BBCC-4CD4-A62A-D482757E93EF}.Release|Any CPU.Build.0 = Release|Any CPU
	EndGlobalSection
	GlobalSection(SolutionProperties) = preSolution
		HideSolutionNode = FALSE
	EndGlobalSection
	GlobalSection(ExtensibilityGlobals) = postSolution
		SolutionGuid = {3D69C628-F4C3-406D-81F2-72625047EFF9}
	EndGlobalSection
EndGlobal
